
Microsoft Visual Studio Solution File, Format Version 12.00
# Visual Studio 2013
VisualStudioVersion = 12.0.31101.0
MinimumVisualStudioVersion = 10.0.40219.1
Project("{2150E333-8FDC-42A3-9474-1A3956D46DE8}") = "TrafalgarSquare.Data", "TrafalgarSquare.Data", "{45B561C7-A6DE-47F2-AA69-07BCA9531205}"
EndProject
Project("{2150E333-8FDC-42A3-9474-1A3956D46DE8}") = "TrafalgarSquare.Tests", "TrafalgarSquare.Tests", "{5437B09D-1DA6-425D-8B5B-43FD194B67E5}"
EndProject
Project("{2150E333-8FDC-42A3-9474-1A3956D46DE8}") = "TrafalgarSquare.Models", "TrafalgarSquare.Models", "{F12D6AE5-BDC7-484A-A415-DBB0757BF7EF}"
EndProject
Project("{2150E333-8FDC-42A3-9474-1A3956D46DE8}") = "TrafalgarSquare.Web", "TrafalgarSquare.Web", "{B4E1E8BC-9827-4F50-A791-13A667CC923C}"
EndProject
Project("{FAE04EC0-301F-11D3-BF4B-00C04F79EFBC}") = "TrafalgarSquare.Models", "TrafalgarSquare.Models\TrafalgarSquare.Models.csproj", "{585B9ECB-15E0-4DB0-B9BF-81368FA14086}"
EndProject
Project("{FAE04EC0-301F-11D3-BF4B-00C04F79EFBC}") = "TrafalgarSquare.Web", "TrafalgarSquare.Web\TrafalgarSquare.Web.csproj", "{19A1FFF5-1F8F-421B-A320-E339E67A5F2F}"
EndProject
Project("{FAE04EC0-301F-11D3-BF4B-00C04F79EFBC}") = "TrafalgarSquare.Data", "TrafalgarSquare.Data\TrafalgarSquare.Data.csproj", "{32D5C29D-70C0-4693-969D-0B6B1C9D90DC}"
EndProject
Global
	GlobalSection(SolutionConfigurationPlatforms) = preSolution
		Debug|Any CPU = Debug|Any CPU
		Release|Any CPU = Release|Any CPU
	EndGlobalSection
	GlobalSection(ProjectConfigurationPlatforms) = postSolution
		{585B9ECB-15E0-4DB0-B9BF-81368FA14086}.Debug|Any CPU.ActiveCfg = Debug|Any CPU
		{585B9ECB-15E0-4DB0-B9BF-81368FA14086}.Debug|Any CPU.Build.0 = Debug|Any CPU
		{585B9ECB-15E0-4DB0-B9BF-81368FA14086}.Release|Any CPU.ActiveCfg = Release|Any CPU
		{585B9ECB-15E0-4DB0-B9BF-81368FA14086}.Release|Any CPU.Build.0 = Release|Any CPU
		{19A1FFF5-1F8F-421B-A320-E339E67A5F2F}.Debug|Any CPU.ActiveCfg = Debug|Any CPU
		{19A1FFF5-1F8F-421B-A320-E339E67A5F2F}.Debug|Any CPU.Build.0 = Debug|Any CPU
		{19A1FFF5-1F8F-421B-A320-E339E67A5F2F}.Release|Any CPU.ActiveCfg = Release|Any CPU
		{19A1FFF5-1F8F-421B-A320-E339E67A5F2F}.Release|Any CPU.Build.0 = Release|Any CPU
		{32D5C29D-70C0-4693-969D-0B6B1C9D90DC}.Debug|Any CPU.ActiveCfg = Debug|Any CPU
		{32D5C29D-70C0-4693-969D-0B6B1C9D90DC}.Debug|Any CPU.Build.0 = Debug|Any CPU
		{32D5C29D-70C0-4693-969D-0B6B1C9D90DC}.Release|Any CPU.ActiveCfg = Release|Any CPU
		{32D5C29D-70C0-4693-969D-0B6B1C9D90DC}.Release|Any CPU.Build.0 = Release|Any CPU
	EndGlobalSection
	GlobalSection(SolutionProperties) = preSolution
		HideSolutionNode = FALSE
	EndGlobalSection
	GlobalSection(NestedProjects) = preSolution
		{585B9ECB-15E0-4DB0-B9BF-81368FA14086} = {F12D6AE5-BDC7-484A-A415-DBB0757BF7EF}
		{19A1FFF5-1F8F-421B-A320-E339E67A5F2F} = {B4E1E8BC-9827-4F50-A791-13A667CC923C}
		{32D5C29D-70C0-4693-969D-0B6B1C9D90DC} = {45B561C7-A6DE-47F2-AA69-07BCA9531205}
	EndGlobalSection
EndGlobal
